
Microsoft Visual Studio Solution File, Format Version 12.00
# Visual Studio Version 16
VisualStudioVersion = 16.0.31624.102
MinimumVisualStudioVersion = 10.0.40219.1
Project("{FAE04EC0-301F-11D3-BF4B-00C04F79EFBC}") = "fuvar", "fuvar\fuvar.csproj", "{F8696D17-06EF-4C53-82E5-DD85C1247251}"
EndProject
Global
	GlobalSection(SolutionConfigurationPlatforms) = preSolution
		Debug|Any CPU = Debug|Any CPU
		Release|Any CPU = Release|Any CPU
	EndGlobalSection
	GlobalSection(ProjectConfigurationPlatforms) = postSolution
		{F8696D17-06EF-4C53-82E5-DD85C1247251}.Debug|Any CPU.ActiveCfg = Debug|Any CPU
		{F8696D17-06EF-4C53-82E5-DD85C1247251}.Debug|Any CPU.Build.0 = Debug|Any CPU
		{F8696D17-06EF-4C53-82E5-DD85C1247251}.Release|Any CPU.ActiveCfg = Release|Any CPU
		{F8696D17-06EF-4C53-82E5-DD85C1247251}.Release|Any CPU.Build.0 = Release|Any CPU
	EndGlobalSection
	GlobalSection(SolutionProperties) = preSolution
		HideSolutionNode = FALSE
	EndGlobalSection
	GlobalSection(ExtensibilityGlobals) = postSolution
		SolutionGuid = {6ABDBBDE-81C5-4D03-A746-892E4DF1FDCF}
	EndGlobalSection
EndGlobal
